// !$*UTF8*$!
{
	archiveVersion = 1;
	classes = {
	};
	objectVersion = 56;
	objects = {

/* Begin PBXBuildFile section */
		F23464FE29A11DC10086AEA3 /* AppDelegate.swift in Sources */ = {isa = PBXBuildFile; fileRef = F23464FD29A11DC10086AEA3 /* AppDelegate.swift */; };
		F234650029A11DC10086AEA3 /* SceneDelegate.swift in Sources */ = {isa = PBXBuildFile; fileRef = F23464FF29A11DC10086AEA3 /* SceneDelegate.swift */; };
		F234650229A11DC10086AEA3 /* ViewController.swift in Sources */ = {isa = PBXBuildFile; fileRef = F234650129A11DC10086AEA3 /* ViewController.swift */; };
		F234650529A11DC10086AEA3 /* Main.storyboard in Resources */ = {isa = PBXBuildFile; fileRef = F234650329A11DC10086AEA3 /* Main.storyboard */; };
		F234650729A11DC30086AEA3 /* Assets.xcassets in Resources */ = {isa = PBXBuildFile; fileRef = F234650629A11DC30086AEA3 /* Assets.xcassets */; };
		F234650A29A11DC30086AEA3 /* LaunchScreen.storyboard in Resources */ = {isa = PBXBuildFile; fileRef = F234650829A11DC30086AEA3 /* LaunchScreen.storyboard */; };
		F234651229A11E970086AEA3 /* charactersClass.swift in Sources */ = {isa = PBXBuildFile; fileRef = F234651129A11E970086AEA3 /* charactersClass.swift */; };
		F234651429A151A40086AEA3 /* describtionVC.swift in Sources */ = {isa = PBXBuildFile; fileRef = F234651329A151A40086AEA3 /* describtionVC.swift */; };
/* End PBXBuildFile section */

/* Begin PBXFileReference section */
		F23464FA29A11DC10086AEA3 /* theHobbitBook.app */ = {isa = PBXFileReference; explicitFileType = wrapper.application; includeInIndex = 0; path = theHobbitBook.app; sourceTree = BUILT_PRODUCTS_DIR; };
		F23464FD29A11DC10086AEA3 /* AppDelegate.swift */ = {isa = PBXFileReference; lastKnownFileType = sourcecode.swift; path = AppDelegate.swift; sourceTree = "<group>"; };
		F23464FF29A11DC10086AEA3 /* SceneDelegate.swift */ = {isa = PBXFileReference; lastKnownFileType = sourcecode.swift; path = SceneDelegate.swift; sourceTree = "<group>"; };
		F234650129A11DC10086AEA3 /* ViewController.swift */ = {isa = PBXFileReference; lastKnownFileType = sourcecode.swift; path = ViewController.swift; sourceTree = "<group>"; };
		F234650429A11DC10086AEA3 /* Base */ = {isa = PBXFileReference; lastKnownFileType = file.storyboard; name = Base; path = Base.lproj/Main.storyboard; sourceTree = "<group>"; };
		F234650629A11DC30086AEA3 /* Assets.xcassets */ = {isa = PBXFileReference; lastKnownFileType = folder.assetcatalog; path = Assets.xcassets; sourceTree = "<group>"; };
		F234650929A11DC30086AEA3 /* Base */ = {isa = PBXFileReference; lastKnownFileType = file.storyboard; name = Base; path = Base.lproj/LaunchScreen.storyboard; sourceTree = "<group>"; };
		F234650B29A11DC30086AEA3 /* Info.plist */ = {isa = PBXFileReference; lastKnownFileType = text.plist.xml; path = Info.plist; sourceTree = "<group>"; };
		F234651129A11E970086AEA3 /* charactersClass.swift */ = {isa = PBXFileReference; lastKnownFileType = sourcecode.swift; path = charactersClass.swift; sourceTree = "<group>"; };
		F234651329A151A40086AEA3 /* describtionVC.swift */ = {isa = PBXFileReference; lastKnownFileType = sourcecode.swift; path = describtionVC.swift; sourceTree = "<group>"; };
/* End PBXFileReference section */

/* Begin PBXFrameworksBuildPhase section */
		F23464F729A11DC10086AEA3 /* Frameworks */ = {
			isa = PBXFrameworksBuildPhase;
			buildActionMask = 2147483647;
			files = (
			);
			runOnlyForDeploymentPostprocessing = 0;
		};
/* End PBXFrameworksBuildPhase section */

/* Begin PBXGroup section */
		F23464F129A11DC10086AEA3 = {
			isa = PBXGroup;
			children = (
				F23464FC29A11DC10086AEA3 /* theHobbitBook */,
				F23464FB29A11DC10086AEA3 /* Products */,
			);
			sourceTree = "<group>";
		};
		F23464FB29A11DC10086AEA3 /* Products */ = {
			isa = PBXGroup;
			children = (
				F23464FA29A11DC10086AEA3 /* theHobbitBook.app */,
			);
			name = Products;
			sourceTree = "<group>";
		};
		F23464FC29A11DC10086AEA3 /* theHobbitBook */ = {
			isa = PBXGroup;
			children = (
				F23464FD29A11DC10086AEA3 /* AppDelegate.swift */,
				F23464FF29A11DC10086AEA3 /* SceneDelegate.swift */,
				F234651129A11E970086AEA3 /* charactersClass.swift */,
				F234650129A11DC10086AEA3 /* ViewController.swift */,
				F234651329A151A40086AEA3 /* describtionVC.swift */,
				F234650329A11DC10086AEA3 /* Main.storyboard */,
				F234650629A11DC30086AEA3 /* Assets.xcassets */,
				F234650829A11DC30086AEA3 /* LaunchScreen.storyboard */,
				F234650B29A11DC30086AEA3 /* Info.plist */,
			);
			path = theHobbitBook;
			sourceTree = "<group>";
		};
/* End PBXGroup section */

/* Begin PBXNativeTarget section */
		F23464F929A11DC10086AEA3 /* theHobbitBook */ = {
			isa = PBXNativeTarget;
			buildConfigurationList = F234650E29A11DC30086AEA3 /* Build configuration list for PBXNativeTarget "theHobbitBook" */;
			buildPhases = (
				F23464F629A11DC10086AEA3 /* Sources */,
				F23464F729A11DC10086AEA3 /* Frameworks */,
				F23464F829A11DC10086AEA3 /* Resources */,
			);
			buildRules = (
			);
			dependencies = (
			);
			name = theHobbitBook;
			productName = theHobbitBook;
			productReference = F23464FA29A11DC10086AEA3 /* theHobbitBook.app */;
			productType = "com.apple.product-type.application";
		};
/* End PBXNativeTarget section */

/* Begin PBXProject section */
		F23464F229A11DC10086AEA3 /* Project object */ = {
			isa = PBXProject;
			attributes = {
				BuildIndependentTargetsInParallel = 1;
				LastSwiftUpdateCheck = 1420;
				LastUpgradeCheck = 1420;
				TargetAttributes = {
					F23464F929A11DC10086AEA3 = {
						CreatedOnToolsVersion = 14.2;
					};
				};
			};
			buildConfigurationList = F23464F529A11DC10086AEA3 /* Build configuration list for PBXProject "theHobbitBook" */;
			compatibilityVersion = "Xcode 14.0";
			developmentRegion = en;
			hasScannedForEncodings = 0;
			knownRegions = (
				en,
				Base,
			);
			mainGroup = F23464F129A11DC10086AEA3;
			productRefGroup = F23464FB29A11DC10086AEA3 /* Products */;
			projectDirPath = "";
			projectRoot = "";
			targets = (
				F23464F929A11DC10086AEA3 /* theHobbitBook */,
			);
		};
/* End PBXProject section */

/* Begin PBXResourcesBuildPhase section */
		F23464F829A11DC10086AEA3 /* Resources */ = {
			isa = PBXResourcesBuildPhase;
			buildActionMask = 2147483647;
			files = (
				F234650A29A11DC30086AEA3 /* LaunchScreen.storyboard in Resources */,
				F234650729A11DC30086AEA3 /* Assets.xcassets in Resources */,
				F234650529A11DC10086AEA3 /* Main.storyboard in Resources */,
			);
			runOnlyForDeploymentPostprocessing = 0;
		};
/* End PBXResourcesBuildPhase section */

/* Begin PBXSourcesBuildPhase section */
		F23464F629A11DC10086AEA3 /* Sources */ = {
			isa = PBXSourcesBuildPhase;
			buildActionMask = 2147483647;
			files = (
				F234650229A11DC10086AEA3 /* ViewController.swift in Sources */,
				F23464FE29A11DC10086AEA3 /* AppDelegate.swift in Sources */,
				F234651229A11E970086AEA3 /* charactersClass.swift in Sources */,
				F234651429A151A40086AEA3 /* describtionVC.swift in Sources */,
				F234650029A11DC10086AEA3 /* SceneDelegate.swift in Sources */,
			);
			runOnlyForDeploymentPostprocessing = 0;
		};
/* End PBXSourcesBuildPhase section */

/* Begin PBXVariantGroup section */
		F234650329A11DC10086AEA3 /* Main.storyboard */ = {
			isa = PBXVariantGroup;
			children = (
				F234650429A11DC10086AEA3 /* Base */,
			);
			name = Main.storyboard;
			sourceTree = "<group>";
		};
		F234650829A11DC30086AEA3 /* LaunchScreen.storyboard */ = {
			isa = PBXVariantGroup;
			children = (
				F234650929A11DC30086AEA3 /* Base */,
			);
			name = LaunchScreen.storyboard;
			sourceTree = "<group>";
		};
/* End PBXVariantGroup section */

/* Begin XCBuildConfiguration section */
		F234650C29A11DC30086AEA3 /* Debug */ = {
			isa = XCBuildConfiguration;
			buildSettings = {
				ALWAYS_SEARCH_USER_PATHS = NO;
				CLANG_ANALYZER_NONNULL = YES;
				CLANG_ANALYZER_NUMBER_OBJECT_CONVERSION = YES_AGGRESSIVE;
				CLANG_CXX_LANGUAGE_STANDARD = "gnu++20";
				CLANG_ENABLE_MODULES = YES;
				CLANG_ENABLE_OBJC_ARC = YES;
				CLANG_ENABLE_OBJC_WEAK = YES;
				CLANG_WARN_BLOCK_CAPTURE_AUTORELEASING = YES;
				CLANG_WARN_BOOL_CONVERSION = YES;
				CLANG_WARN_COMMA = YES;
				CLANG_WARN_CONSTANT_CONVERSION = YES;
				CLANG_WARN_DEPRECATED_OBJC_IMPLEMENTATIONS = YES;
				CLANG_WARN_DIRECT_OBJC_ISA_USAGE = YES_ERROR;
				CLANG_WARN_DOCUMENTATION_COMMENTS = YES;
				CLANG_WARN_EMPTY_BODY = YES;
				CLANG_WARN_ENUM_CONVERSION = YES;
				CLANG_WARN_INFINITE_RECURSION = YES;
				CLANG_WARN_INT_CONVERSION = YES;
				CLANG_WARN_NON_LITERAL_NULL_CONVERSION = YES;
				CLANG_WARN_OBJC_IMPLICIT_RETAIN_SELF = YES;
				CLANG_WARN_OBJC_LITERAL_CONVERSION = YES;
				CLANG_WARN_OBJC_ROOT_CLASS = YES_ERROR;
				CLANG_WARN_QUOTED_INCLUDE_IN_FRAMEWORK_HEADER = YES;
				CLANG_WARN_RANGE_LOOP_ANALYSIS = YES;
				CLANG_WARN_STRICT_PROTOTYPES = YES;
				CLANG_WARN_SUSPICIOUS_MOVE = YES;
				CLANG_WARN_UNGUARDED_AVAILABILITY = YES_AGGRESSIVE;
				CLANG_WARN_UNREACHABLE_CODE = YES;
				CLANG_WARN__DUPLICATE_METHOD_MATCH = YES;
				COPY_PHASE_STRIP = NO;
				DEBUG_INFORMATION_FORMAT = dwarf;
				ENABLE_STRICT_OBJC_MSGSEND = YES;
				ENABLE_TESTABILITY = YES;
				GCC_C_LANGUAGE_STANDARD = gnu11;
				GCC_DYNAMIC_NO_PIC = NO;
				GCC_NO_COMMON_BLOCKS = YES;
				GCC_OPTIMIZATION_LEVEL = 0;
				GCC_PREPROCESSOR_DEFINITIONS = (
					"DEBUG=1",
					"$(inherited)",
				);
				GCC_WARN_64_TO_32_BIT_CONVERSION = YES;
				GCC_WARN_ABOUT_RETURN_TYPE = YES_ERROR;
				GCC_WARN_UNDECLARED_SELECTOR = YES;
				GCC_WARN_UNINITIALIZED_AUTOS = YES_AGGRESSIVE;
				GCC_WARN_UNUSED_FUNCTION = YES;
				GCC_WARN_UNUSED_VARIABLE = YES;
				IPHONEOS_DEPLOYMENT_TARGET = 16.2;
				MTL_ENABLE_DEBUG_INFO = INCLUDE_SOURCE;
				MTL_FAST_MATH = YES;
				ONLY_ACTIVE_ARCH = YES;
				SDKROOT = iphoneos;
				SWIFT_ACTIVE_COMPILATION_CONDITIONS = DEBUG;
				SWIFT_OPTIMIZATION_LEVEL = "-Onone";
			};
			name = Debug;
		};
		F234650D29A11DC30086AEA3 /* Release */ = {
			isa = XCBuildConfiguration;
			buildSettings = {
				ALWAYS_SEARCH_USER_PATHS = NO;
				CLANG_ANALYZER_NONNULL = YES;
				CLANG_ANALYZER_NUMBER_OBJECT_CONVERSION = YES_AGGRESSIVE;
				CLANG_CXX_LANGUAGE_STANDARD = "gnu++20";
				CLANG_ENABLE_MODULES = YES;
				CLANG_ENABLE_OBJC_ARC = YES;
				CLANG_ENABLE_OBJC_WEAK = YES;
				CLANG_WARN_BLOCK_CAPTURE_AUTORELEASING = YES;
				CLANG_WARN_BOOL_CONVERSION = YES;
				CLANG_WARN_COMMA = YES;
				CLANG_WARN_CONSTANT_CONVERSION = YES;
				CLANG_WARN_DEPRECATED_OBJC_IMPLEMENTATIONS = YES;
				CLANG_WARN_DIRECT_OBJC_ISA_USAGE = YES_ERROR;
				CLANG_WARN_DOCUMENTATION_COMMENTS = YES;
				CLANG_WARN_EMPTY_BODY = YES;
				CLANG_WARN_ENUM_CONVERSION = YES;
				CLANG_WARN_INFINITE_RECURSION = YES;
				CLANG_WARN_INT_CONVERSION = YES;
				CLANG_WARN_NON_LITERAL_NULL_CONVERSION = YES;
				CLANG_WARN_OBJC_IMPLICIT_RETAIN_SELF = YES;
				CLANG_WARN_OBJC_LITERAL_CONVERSION = YES;
				CLANG_WARN_OBJC_ROOT_CLASS = YES_ERROR;
				CLANG_WARN_QUOTED_INCLUDE_IN_FRAMEWORK_HEADER = YES;
				CLANG_WARN_RANGE_LOOP_ANALYSIS = YES;
				CLANG_WARN_STRICT_PROTOTYPES = YES;
				CLANG_WARN_SUSPICIOUS_MOVE = YES;
				CLANG_WARN_UNGUARDED_AVAILABILITY = YES_AGGRESSIVE;
				CLANG_WARN_UNREACHABLE_CODE = YES;
				CLANG_WARN__DUPLICATE_METHOD_MATCH = YES;
				COPY_PHASE_STRIP = NO;
				DEBUG_INFORMATION_FORMAT = "dwarf-with-dsym";
				ENABLE_NS_ASSERTIONS = NO;
				ENABLE_STRICT_OBJC_MSGSEND = YES;
				GCC_C_LANGUAGE_STANDARD = gnu11;
				GCC_NO_COMMON_BLOCKS = YES;
				GCC_WARN_64_TO_32_BIT_CONVERSION = YES;
				GCC_WARN_ABOUT_RETURN_TYPE = YES_ERROR;
				GCC_WARN_UNDECLARED_SELECTOR = YES;
				GCC_WARN_UNINITIALIZED_AUTOS = YES_AGGRESSIVE;
				GCC_WARN_UNUSED_FUNCTION = YES;
				GCC_WARN_UNUSED_VARIABLE = YES;
				IPHONEOS_DEPLOYMENT_TARGET = 16.2;
				MTL_ENABLE_DEBUG_INFO = NO;
				MTL_FAST_MATH = YES;
				SDKROOT = iphoneos;
				SWIFT_COMPILATION_MODE = wholemodule;
				SWIFT_OPTIMIZATION_LEVEL = "-O";
				VALIDATE_PRODUCT = YES;
			};
			name = Release;
		};
		F234650F29A11DC30086AEA3 /* Debug */ = {
			isa = XCBuildConfiguration;
			buildSettings = {
				ASSETCATALOG_COMPILER_APPICON_NAME = AppIcon;
				ASSETCATALOG_COMPILER_GLOBAL_ACCENT_COLOR_NAME = AccentColor;
				CODE_SIGN_STYLE = Automatic;
				CURRENT_PROJECT_VERSION = 1;
				DEVELOPMENT_TEAM = 47HKQGV6SX;
				GENERATE_INFOPLIST_FILE = YES;
				INFOPLIST_FILE = theHobbitBook/Info.plist;
				INFOPLIST_KEY_UIApplicationSupportsIndirectInputEvents = YES;
				INFOPLIST_KEY_UILaunchStoryboardName = LaunchScreen;
				INFOPLIST_KEY_UIMainStoryboardFile = Main;
				INFOPLIST_KEY_UISupportedInterfaceOrientations_iPad = "UIInterfaceOrientationPortrait UIInterfaceOrientationPortraitUpsideDown UIInterfaceOrientationLandscapeLeft UIInterfaceOrientationLandscapeRight";
				INFOPLIST_KEY_UISupportedInterfaceOrientations_iPhone = "UIInterfaceOrientationPortrait UIInterfaceOrientationLandscapeLeft UIInterfaceOrientationLandscapeRight";
				LD_RUNPATH_SEARCH_PATHS = (
					"$(inherited)",
					"@executable_path/Frameworks",
				);
				MARKETING_VERSION = 1.0;
				PRODUCT_BUNDLE_IDENTIFIER = com.ragibgrmez.theHobbitBook;
				PRODUCT_NAME = "$(TARGET_NAME)";
				SWIFT_EMIT_LOC_STRINGS = YES;
				SWIFT_VERSION = 5.0;
				TARGETED_DEVICE_FAMILY = "1,2";
			};
			name = Debug;
		};
		F234651029A11DC30086AEA3 /* Release */ = {
			isa = XCBuildConfiguration;
			buildSettings = {
				ASSETCATALOG_COMPILER_APPICON_NAME = AppIcon;
				ASSETCATALOG_COMPILER_GLOBAL_ACCENT_COLOR_NAME = AccentColor;
				CODE_SIGN_STYLE = Automatic;
				CURRENT_PROJECT_VERSION = 1;
				DEVELOPMENT_TEAM = 47HKQGV6SX;
				GENERATE_INFOPLIST_FILE = YES;
				INFOPLIST_FILE = theHobbitBook/Info.plist;
				INFOPLIST_KEY_UIApplicationSupportsIndirectInputEvents = YES;
				INFOPLIST_KEY_UILaunchStoryboardName = LaunchScreen;
				INFOPLIST_KEY_UIMainStoryboardFile = Main;
				INFOPLIST_KEY_UISupportedInterfaceOrientations_iPad = "UIInterfaceOrientationPortrait UIInterfaceOrientationPortraitUpsideDown UIInterfaceOrientationLandscapeLeft UIInterfaceOrientationLandscapeRight";
				INFOPLIST_KEY_UISupportedInterfaceOrientations_iPhone = "UIInterfaceOrientationPortrait UIInterfaceOrientationLandscapeLeft UIInterfaceOrientationLandscapeRight";
				LD_RUNPATH_SEARCH_PATHS = (
					"$(inherited)",
					"@executable_path/Frameworks",
				);
				MARKETING_VERSION = 1.0;
				PRODUCT_BUNDLE_IDENTIFIER = com.ragibgrmez.theHobbitBook;
				PRODUCT_NAME = "$(TARGET_NAME)";
				SWIFT_EMIT_LOC_STRINGS = YES;
				SWIFT_VERSION = 5.0;
				TARGETED_DEVICE_FAMILY = "1,2";
			};
			name = Release;
		};
/* End XCBuildConfiguration section */

/* Begin XCConfigurationList section */
		F23464F529A11DC10086AEA3 /* Build configuration list for PBXProject "theHobbitBook" */ = {
			isa = XCConfigurationList;
			buildConfigurations = (
				F234650C29A11DC30086AEA3 /* Debug */,
				F234650D29A11DC30086AEA3 /* Release */,
			);
			defaultConfigurationIsVisible = 0;
			defaultConfigurationName = Release;
		};
		F234650E29A11DC30086AEA3 /* Build configuration list for PBXNativeTarget "theHobbitBook" */ = {
			isa = XCConfigurationList;
			buildConfigurations = (
				F234650F29A11DC30086AEA3 /* Debug */,
				F234651029A11DC30086AEA3 /* Release */,
			);
			defaultConfigurationIsVisible = 0;
			defaultConfigurationName = Release;
		};
/* End XCConfigurationList section */
	};
	rootObject = F23464F229A11DC10086AEA3 /* Project object */;
}
